
Microsoft Visual Studio Solution File, Format Version 12.00
# Visual Studio 15
Project("{FAE04EC0-301F-11D3-BF4B-00C04F79EFBC}") = "UnityEngine.Advertisements", "UnityEngine.Advertisements.csproj", "{7B627BA8-FEEF-FA7A-0B30-18CE024C10A2}"
EndProject
Project("{FAE04EC0-301F-11D3-BF4B-00C04F79EFBC}") = "Unity.Timeline", "Unity.Timeline.csproj", "{5D460F58-CAFD-D707-25EA-19248DE840F7}"
EndProject
Project("{FAE04EC0-301F-11D3-BF4B-00C04F79EFBC}") = "Unity.Timeline.Editor", "Unity.Timeline.Editor.csproj", "{B45C3D83-07BD-945D-FFA3-9EEDBA5FF57E}"
EndProject
Project("{FAE04EC0-301F-11D3-BF4B-00C04F79EFBC}") = "UnityEngine.Advertisements.Editor", "UnityEngine.Advertisements.Editor.csproj", "{D30CFC56-FB34-DC2F-7BFA-DDCC154A0685}"
EndProject
Project("{FAE04EC0-301F-11D3-BF4B-00C04F79EFBC}") = "Unity.TextMeshPro.Editor", "Unity.TextMeshPro.Editor.csproj", "{645366FD-63C9-63E1-6596-4C20AD8E4434}"
EndProject
Project("{FAE04EC0-301F-11D3-BF4B-00C04F79EFBC}") = "Unity.Services.Core.Internal", "Unity.Services.Core.Internal.csproj", "{54931FA2-D42A-BADD-9C37-461C024DBB9D}"
EndProject
Project("{FAE04EC0-301F-11D3-BF4B-00C04F79EFBC}") = "Unity.PlasticSCM.Editor", "Unity.PlasticSCM.Editor.csproj", "{54755F4C-68D7-3DCD-D793-269861C77484}"
EndProject
Project("{FAE04EC0-301F-11D3-BF4B-00C04F79EFBC}") = "Assembly-CSharp", "Assembly-CSharp.csproj", "{12F44184-A422-5F27-22E6-507969043F15}"
EndProject
Project("{FAE04EC0-301F-11D3-BF4B-00C04F79EFBC}") = "UnityEditor.Purchasing", "UnityEditor.Purchasing.csproj", "{60F04612-1E8C-CC92-9613-D4A8BF8025AF}"
EndProject
Project("{FAE04EC0-301F-11D3-BF4B-00C04F79EFBC}") = "UnityEngine.Purchasing.Stores", "UnityEngine.Purchasing.Stores.csproj", "{A5A0A44B-942C-1D9B-66BD-EEA9914D6EDB}"
EndProject
Project("{FAE04EC0-301F-11D3-BF4B-00C04F79EFBC}") = "UnityEngine.Purchasing", "UnityEngine.Purchasing.csproj", "{26005988-7C82-60DD-76AD-3E190FF68B62}"
EndProject
Project("{FAE04EC0-301F-11D3-BF4B-00C04F79EFBC}") = "Unity.Services.Analytics", "Unity.Services.Analytics.csproj", "{91F4D492-BD0F-8DD1-4BB8-EBC6460E9B13}"
EndProject
Project("{FAE04EC0-301F-11D3-BF4B-00C04F79EFBC}") = "Purchasing.Common", "Purchasing.Common.csproj", "{356E3852-1E14-23DF-CB74-EF35CE4FBB02}"
EndProject
Project("{FAE04EC0-301F-11D3-BF4B-00C04F79EFBC}") = "UnityEngine.Advertisements.DevX.Editor", "UnityEngine.Advertisements.DevX.Editor.csproj", "{7619D53B-FD0C-39D1-B498-FA6AF1EAC98C}"
EndProject
Project("{FAE04EC0-301F-11D3-BF4B-00C04F79EFBC}") = "UnityEditor.TestRunner", "UnityEditor.TestRunner.csproj", "{2AEA7E12-D780-35FC-47A6-A996CD9E6682}"
EndProject
Project("{FAE04EC0-301F-11D3-BF4B-00C04F79EFBC}") = "UnityEngine.TestRunner", "UnityEngine.TestRunner.csproj", "{74E0DE3A-7734-DB92-D480-2B15F1A340BF}"
EndProject
Project("{FAE04EC0-301F-11D3-BF4B-00C04F79EFBC}") = "Unity.Services.Core.Registration", "Unity.Services.Core.Registration.csproj", "{A1F4E10C-0654-1A22-D7AC-25BA84038FE4}"
EndProject
Project("{FAE04EC0-301F-11D3-BF4B-00C04F79EFBC}") = "Unity.Rider.Editor", "Unity.Rider.Editor.csproj", "{08E1AD25-2D91-8574-4125-AAC4E3673B6A}"
EndProject
Project("{FAE04EC0-301F-11D3-BF4B-00C04F79EFBC}") = "Unity.Services.Core.Environments.Editor", "Unity.Services.Core.Environments.Editor.csproj", "{CBB465C5-400F-F884-1022-296F106922D9}"
EndProject
Project("{FAE04EC0-301F-11D3-BF4B-00C04F79EFBC}") = "Unity.Services.Core", "Unity.Services.Core.csproj", "{1E68CC5C-62B1-6A6A-EEFF-77251739819D}"
EndProject
Project("{FAE04EC0-301F-11D3-BF4B-00C04F79EFBC}") = "Unity.Services.Core.Editor", "Unity.Services.Core.Editor.csproj", "{8F5DAA85-E2B2-0CE6-B18C-D39049E636F8}"
EndProject
Project("{FAE04EC0-301F-11D3-BF4B-00C04F79EFBC}") = "Unity.TextMeshPro", "Unity.TextMeshPro.csproj", "{6BDD718D-DD40-BA42-A075-6F69D1193500}"
EndProject
Project("{FAE04EC0-301F-11D3-BF4B-00C04F79EFBC}") = "Unity.AI.Navigation.Editor", "Unity.AI.Navigation.Editor.csproj", "{12AD69BA-56C8-F11C-F6E8-A9EA456C65CB}"
EndProject
Project("{FAE04EC0-301F-11D3-BF4B-00C04F79EFBC}") = "Unity.VisualStudio.Editor", "Unity.VisualStudio.Editor.csproj", "{4B580568-3095-D510-222E-ABC84E47FECF}"
EndProject
Project("{FAE04EC0-301F-11D3-BF4B-00C04F79EFBC}") = "UnityEngine.Purchasing.WinRTCore", "UnityEngine.Purchasing.WinRTCore.csproj", "{E31E8B08-1B47-5398-25D6-9A4E389F436C}"
EndProject
Project("{FAE04EC0-301F-11D3-BF4B-00C04F79EFBC}") = "Unity.Services.Core.Environments.Internal", "Unity.Services.Core.Environments.Internal.csproj", "{61336240-5694-E5EA-24D5-D5CFE8E578DA}"
EndProject
Project("{FAE04EC0-301F-11D3-BF4B-00C04F79EFBC}") = "Unity.AI.Navigation", "Unity.AI.Navigation.csproj", "{2C5FF1EF-2D95-28C9-FCA5-55AC08B06953}"
EndProject
Project("{FAE04EC0-301F-11D3-BF4B-00C04F79EFBC}") = "UnityEngine.Purchasing.Codeless", "UnityEngine.Purchasing.Codeless.csproj", "{6E5CD8C6-B769-1F30-FBE2-47A887C52284}"
EndProject
Project("{FAE04EC0-301F-11D3-BF4B-00C04F79EFBC}") = "UnityEngine.XR.LegacyInputHelpers", "UnityEngine.XR.LegacyInputHelpers.csproj", "{5F128EA1-5D59-8AB7-6CCC-7DBD0AB82819}"
EndProject
Project("{FAE04EC0-301F-11D3-BF4B-00C04F79EFBC}") = "Unity.Services.Core.Configuration", "Unity.Services.Core.Configuration.csproj", "{1AA54E0D-5587-FDFD-9415-0385289E0D87}"
EndProject
Project("{FAE04EC0-301F-11D3-BF4B-00C04F79EFBC}") = "Unity.AI.Navigation.Editor.ConversionSystem", "Unity.AI.Navigation.Editor.ConversionSystem.csproj", "{EC2EE2C1-FEBE-A96B-D1D4-A0ED36B8005F}"
EndProject
Project("{FAE04EC0-301F-11D3-BF4B-00C04F79EFBC}") = "UnityEditor.XR.LegacyInputHelpers", "UnityEditor.XR.LegacyInputHelpers.csproj", "{CBE5A3C1-50A8-4D68-2E5D-B9917C33A854}"
EndProject
Project("{FAE04EC0-301F-11D3-BF4B-00C04F79EFBC}") = "Unity.Services.Core.Telemetry", "Unity.Services.Core.Telemetry.csproj", "{5446F23F-9FBF-8B7E-6595-149B6EAF1906}"
EndProject
Project("{FAE04EC0-301F-11D3-BF4B-00C04F79EFBC}") = "Unity.Services.Core.Configuration.Editor", "Unity.Services.Core.Configuration.Editor.csproj", "{6915F668-5DC1-D1E0-9D97-33E1DAB0D59A}"
EndProject
Project("{FAE04EC0-301F-11D3-BF4B-00C04F79EFBC}") = "UnityEngine.Purchasing.SecurityStub", "UnityEngine.Purchasing.SecurityStub.csproj", "{9276123D-9BFE-090D-8C12-5857ADB07FD5}"
EndProject
Project("{FAE04EC0-301F-11D3-BF4B-00C04F79EFBC}") = "Unity.Services.Core.Networking", "Unity.Services.Core.Networking.csproj", "{A0B72CDC-3CCA-8E16-A0DC-445C30E267E5}"
EndProject
Project("{FAE04EC0-301F-11D3-BF4B-00C04F79EFBC}") = "Unity.Services.Core.Device", "Unity.Services.Core.Device.csproj", "{FF61C191-7F70-6808-88AA-1288671DFEBE}"
EndProject
Project("{FAE04EC0-301F-11D3-BF4B-00C04F79EFBC}") = "UnityEngine.Purchasing.AppleMacosStub", "UnityEngine.Purchasing.AppleMacosStub.csproj", "{3B4A8004-B481-D07D-0684-B03BF087201E}"
EndProject
Project("{FAE04EC0-301F-11D3-BF4B-00C04F79EFBC}") = "Unity.Services.Core.Scheduler", "Unity.Services.Core.Scheduler.csproj", "{0022D196-F814-358B-1C1C-D5468EF885D8}"
EndProject
Project("{FAE04EC0-301F-11D3-BF4B-00C04F79EFBC}") = "Unity.VSCode.Editor", "Unity.VSCode.Editor.csproj", "{45E74912-FF55-E3A8-0F78-DA587D5DB6FE}"
EndProject
Project("{FAE04EC0-301F-11D3-BF4B-00C04F79EFBC}") = "Unity.Services.Analytics.Editor", "Unity.Services.Analytics.Editor.csproj", "{09822E8B-6A65-2278-E3AD-FDCE90FBFAEE}"
EndProject
Project("{FAE04EC0-301F-11D3-BF4B-00C04F79EFBC}") = "Unity.AI.Navigation.Updater", "Unity.AI.Navigation.Updater.csproj", "{C6509113-D388-E937-E6BC-5681A758F5F5}"
EndProject
Project("{FAE04EC0-301F-11D3-BF4B-00C04F79EFBC}") = "UnityEngine.Purchasing.SecurityCore", "UnityEngine.Purchasing.SecurityCore.csproj", "{3D75AA12-DF78-5FC0-0C74-6B99EA668B15}"
EndProject
Project("{FAE04EC0-301F-11D3-BF4B-00C04F79EFBC}") = "UnityEditor.SpatialTracking", "UnityEditor.SpatialTracking.csproj", "{7C12B500-7323-508B-BCAB-4E7E754E323E}"
EndProject
Project("{FAE04EC0-301F-11D3-BF4B-00C04F79EFBC}") = "UnityEngine.Purchasing.AppleCore", "UnityEngine.Purchasing.AppleCore.csproj", "{A6582597-214A-3B23-5085-5FF05F1A99CD}"
EndProject
Project("{FAE04EC0-301F-11D3-BF4B-00C04F79EFBC}") = "Unity.Analytics.DataPrivacy", "Unity.Analytics.DataPrivacy.csproj", "{97F704D7-E563-B986-F364-EA975ED2546C}"
EndProject
Project("{FAE04EC0-301F-11D3-BF4B-00C04F79EFBC}") = "UnityEngine.Purchasing.WinRTStub", "UnityEngine.Purchasing.WinRTStub.csproj", "{D174E4CA-DC9D-8735-E1F9-0B1C3EEAA67C}"
EndProject
Project("{FAE04EC0-301F-11D3-BF4B-00C04F79EFBC}") = "Unity.Services.Core.Analytics", "Unity.Services.Core.Analytics.csproj", "{B50381D2-4EE6-F8C0-AB0D-6A0D154A5936}"
EndProject
Project("{FAE04EC0-301F-11D3-BF4B-00C04F79EFBC}") = "UnityEngine.SpatialTracking", "UnityEngine.SpatialTracking.csproj", "{04695DE5-7440-3FD4-0B6A-93355FF5D5E4}"
EndProject
Project("{FAE04EC0-301F-11D3-BF4B-00C04F79EFBC}") = "Unity.Services.Core.Threading", "Unity.Services.Core.Threading.csproj", "{983E695B-A98D-CE9A-CD98-2CFCF416BFE6}"
EndProject
Project("{FAE04EC0-301F-11D3-BF4B-00C04F79EFBC}") = "Unity.CollabProxy.Editor", "Unity.CollabProxy.Editor.csproj", "{0F7FC999-748C-1D0C-355E-C9477D12FC2C}"
EndProject
Project("{FAE04EC0-301F-11D3-BF4B-00C04F79EFBC}") = "Unity.Services.Core.Environments", "Unity.Services.Core.Environments.csproj", "{D7A358A5-059D-CFD8-8D20-D756C0AB04B8}"
EndProject
Project("{FAE04EC0-301F-11D3-BF4B-00C04F79EFBC}") = "UnityEngine.Purchasing.AppleStub", "UnityEngine.Purchasing.AppleStub.csproj", "{3482DCA3-E677-88E6-7D67-E6A1071A67D8}"
EndProject
Project("{FAE04EC0-301F-11D3-BF4B-00C04F79EFBC}") = "Analytics", "Analytics.csproj", "{3BF70B2D-3FA0-75FD-E98E-76970241E6C0}"
EndProject
Global
	GlobalSection(SolutionConfigurationPlatforms) = preSolution
		Debug|Any CPU = Debug|Any CPU
		Release|Any CPU = Release|Any CPU
	EndGlobalSection
	GlobalSection(ProjectConfigurationPlatforms) = postSolution
		{7B627BA8-FEEF-FA7A-0B30-18CE024C10A2}.Debug|Any CPU.ActiveCfg = Debug|Any CPU
		{7B627BA8-FEEF-FA7A-0B30-18CE024C10A2}.Debug|Any CPU.Build.0 = Debug|Any CPU
		{7B627BA8-FEEF-FA7A-0B30-18CE024C10A2}.Release|Any CPU.ActiveCfg = Release|Any CPU
		{7B627BA8-FEEF-FA7A-0B30-18CE024C10A2}.Release|Any CPU.Build.0 = Release|Any CPU
		{5D460F58-CAFD-D707-25EA-19248DE840F7}.Debug|Any CPU.ActiveCfg = Debug|Any CPU
		{5D460F58-CAFD-D707-25EA-19248DE840F7}.Debug|Any CPU.Build.0 = Debug|Any CPU
		{5D460F58-CAFD-D707-25EA-19248DE840F7}.Release|Any CPU.ActiveCfg = Release|Any CPU
		{5D460F58-CAFD-D707-25EA-19248DE840F7}.Release|Any CPU.Build.0 = Release|Any CPU
		{B45C3D83-07BD-945D-FFA3-9EEDBA5FF57E}.Debug|Any CPU.ActiveCfg = Debug|Any CPU
		{B45C3D83-07BD-945D-FFA3-9EEDBA5FF57E}.Debug|Any CPU.Build.0 = Debug|Any CPU
		{B45C3D83-07BD-945D-FFA3-9EEDBA5FF57E}.Release|Any CPU.ActiveCfg = Release|Any CPU
		{B45C3D83-07BD-945D-FFA3-9EEDBA5FF57E}.Release|Any CPU.Build.0 = Release|Any CPU
		{D30CFC56-FB34-DC2F-7BFA-DDCC154A0685}.Debug|Any CPU.ActiveCfg = Debug|Any CPU
		{D30CFC56-FB34-DC2F-7BFA-DDCC154A0685}.Debug|Any CPU.Build.0 = Debug|Any CPU
		{D30CFC56-FB34-DC2F-7BFA-DDCC154A0685}.Release|Any CPU.ActiveCfg = Release|Any CPU
		{D30CFC56-FB34-DC2F-7BFA-DDCC154A0685}.Release|Any CPU.Build.0 = Release|Any CPU
		{645366FD-63C9-63E1-6596-4C20AD8E4434}.Debug|Any CPU.ActiveCfg = Debug|Any CPU
		{645366FD-63C9-63E1-6596-4C20AD8E4434}.Debug|Any CPU.Build.0 = Debug|Any CPU
		{645366FD-63C9-63E1-6596-4C20AD8E4434}.Release|Any CPU.ActiveCfg = Release|Any CPU
		{645366FD-63C9-63E1-6596-4C20AD8E4434}.Release|Any CPU.Build.0 = Release|Any CPU
		{54931FA2-D42A-BADD-9C37-461C024DBB9D}.Debug|Any CPU.ActiveCfg = Debug|Any CPU
		{54931FA2-D42A-BADD-9C37-461C024DBB9D}.Debug|Any CPU.Build.0 = Debug|Any CPU
		{54931FA2-D42A-BADD-9C37-461C024DBB9D}.Release|Any CPU.ActiveCfg = Release|Any CPU
		{54931FA2-D42A-BADD-9C37-461C024DBB9D}.Release|Any CPU.Build.0 = Release|Any CPU
		{54755F4C-68D7-3DCD-D793-269861C77484}.Debug|Any CPU.ActiveCfg = Debug|Any CPU
		{54755F4C-68D7-3DCD-D793-269861C77484}.Debug|Any CPU.Build.0 = Debug|Any CPU
		{54755F4C-68D7-3DCD-D793-269861C77484}.Release|Any CPU.ActiveCfg = Release|Any CPU
		{54755F4C-68D7-3DCD-D793-269861C77484}.Release|Any CPU.Build.0 = Release|Any CPU
		{12F44184-A422-5F27-22E6-507969043F15}.Debug|Any CPU.ActiveCfg = Debug|Any CPU
		{12F44184-A422-5F27-22E6-507969043F15}.Debug|Any CPU.Build.0 = Debug|Any CPU
		{12F44184-A422-5F27-22E6-507969043F15}.Release|Any CPU.ActiveCfg = Release|Any CPU
		{12F44184-A422-5F27-22E6-507969043F15}.Release|Any CPU.Build.0 = Release|Any CPU
		{60F04612-1E8C-CC92-9613-D4A8BF8025AF}.Debug|Any CPU.ActiveCfg = Debug|Any CPU
		{60F04612-1E8C-CC92-9613-D4A8BF8025AF}.Debug|Any CPU.Build.0 = Debug|Any CPU
		{60F04612-1E8C-CC92-9613-D4A8BF8025AF}.Release|Any CPU.ActiveCfg = Release|Any CPU
		{60F04612-1E8C-CC92-9613-D4A8BF8025AF}.Release|Any CPU.Build.0 = Release|Any CPU
		{A5A0A44B-942C-1D9B-66BD-EEA9914D6EDB}.Debug|Any CPU.ActiveCfg = Debug|Any CPU
		{A5A0A44B-942C-1D9B-66BD-EEA9914D6EDB}.Debug|Any CPU.Build.0 = Debug|Any CPU
		{A5A0A44B-942C-1D9B-66BD-EEA9914D6EDB}.Release|Any CPU.ActiveCfg = Release|Any CPU
		{A5A0A44B-942C-1D9B-66BD-EEA9914D6EDB}.Release|Any CPU.Build.0 = Release|Any CPU
		{26005988-7C82-60DD-76AD-3E190FF68B62}.Debug|Any CPU.ActiveCfg = Debug|Any CPU
		{26005988-7C82-60DD-76AD-3E190FF68B62}.Debug|Any CPU.Build.0 = Debug|Any CPU
		{26005988-7C82-60DD-76AD-3E190FF68B62}.Release|Any CPU.ActiveCfg = Release|Any CPU
		{26005988-7C82-60DD-76AD-3E190FF68B62}.Release|Any CPU.Build.0 = Release|Any CPU
		{91F4D492-BD0F-8DD1-4BB8-EBC6460E9B13}.Debug|Any CPU.ActiveCfg = Debug|Any CPU
		{91F4D492-BD0F-8DD1-4BB8-EBC6460E9B13}.Debug|Any CPU.Build.0 = Debug|Any CPU
		{91F4D492-BD0F-8DD1-4BB8-EBC6460E9B13}.Release|Any CPU.ActiveCfg = Release|Any CPU
		{91F4D492-BD0F-8DD1-4BB8-EBC6460E9B13}.Release|Any CPU.Build.0 = Release|Any CPU
		{356E3852-1E14-23DF-CB74-EF35CE4FBB02}.Debug|Any CPU.ActiveCfg = Debug|Any CPU
		{356E3852-1E14-23DF-CB74-EF35CE4FBB02}.Debug|Any CPU.Build.0 = Debug|Any CPU
		{356E3852-1E14-23DF-CB74-EF35CE4FBB02}.Release|Any CPU.ActiveCfg = Release|Any CPU
		{356E3852-1E14-23DF-CB74-EF35CE4FBB02}.Release|Any CPU.Build.0 = Release|Any CPU
		{7619D53B-FD0C-39D1-B498-FA6AF1EAC98C}.Debug|Any CPU.ActiveCfg = Debug|Any CPU
		{7619D53B-FD0C-39D1-B498-FA6AF1EAC98C}.Debug|Any CPU.Build.0 = Debug|Any CPU
		{7619D53B-FD0C-39D1-B498-FA6AF1EAC98C}.Release|Any CPU.ActiveCfg = Release|Any CPU
		{7619D53B-FD0C-39D1-B498-FA6AF1EAC98C}.Release|Any CPU.Build.0 = Release|Any CPU
		{2AEA7E12-D780-35FC-47A6-A996CD9E6682}.Debug|Any CPU.ActiveCfg = Debug|Any CPU
		{2AEA7E12-D780-35FC-47A6-A996CD9E6682}.Debug|Any CPU.Build.0 = Debug|Any CPU
		{2AEA7E12-D780-35FC-47A6-A996CD9E6682}.Release|Any CPU.ActiveCfg = Release|Any CPU
		{2AEA7E12-D780-35FC-47A6-A996CD9E6682}.Release|Any CPU.Build.0 = Release|Any CPU
		{74E0DE3A-7734-DB92-D480-2B15F1A340BF}.Debug|Any CPU.ActiveCfg = Debug|Any CPU
		{74E0DE3A-7734-DB92-D480-2B15F1A340BF}.Debug|Any CPU.Build.0 = Debug|Any CPU
		{74E0DE3A-7734-DB92-D480-2B15F1A340BF}.Release|Any CPU.ActiveCfg = Release|Any CPU
		{74E0DE3A-7734-DB92-D480-2B15F1A340BF}.Release|Any CPU.Build.0 = Release|Any CPU
		{A1F4E10C-0654-1A22-D7AC-25BA84038FE4}.Debug|Any CPU.ActiveCfg = Debug|Any CPU
		{A1F4E10C-0654-1A22-D7AC-25BA84038FE4}.Debug|Any CPU.Build.0 = Debug|Any CPU
		{A1F4E10C-0654-1A22-D7AC-25BA84038FE4}.Release|Any CPU.ActiveCfg = Release|Any CPU
		{A1F4E10C-0654-1A22-D7AC-25BA84038FE4}.Release|Any CPU.Build.0 = Release|Any CPU
		{08E1AD25-2D91-8574-4125-AAC4E3673B6A}.Debug|Any CPU.ActiveCfg = Debug|Any CPU
		{08E1AD25-2D91-8574-4125-AAC4E3673B6A}.Debug|Any CPU.Build.0 = Debug|Any CPU
		{08E1AD25-2D91-8574-4125-AAC4E3673B6A}.Release|Any CPU.ActiveCfg = Release|Any CPU
		{08E1AD25-2D91-8574-4125-AAC4E3673B6A}.Release|Any CPU.Build.0 = Release|Any CPU
		{CBB465C5-400F-F884-1022-296F106922D9}.Debug|Any CPU.ActiveCfg = Debug|Any CPU
		{CBB465C5-400F-F884-1022-296F106922D9}.Debug|Any CPU.Build.0 = Debug|Any CPU
		{CBB465C5-400F-F884-1022-296F106922D9}.Release|Any CPU.ActiveCfg = Release|Any CPU
		{CBB465C5-400F-F884-1022-296F106922D9}.Release|Any CPU.Build.0 = Release|Any CPU
		{1E68CC5C-62B1-6A6A-EEFF-77251739819D}.Debug|Any CPU.ActiveCfg = Debug|Any CPU
		{1E68CC5C-62B1-6A6A-EEFF-77251739819D}.Debug|Any CPU.Build.0 = Debug|Any CPU
		{1E68CC5C-62B1-6A6A-EEFF-77251739819D}.Release|Any CPU.ActiveCfg = Release|Any CPU
		{1E68CC5C-62B1-6A6A-EEFF-77251739819D}.Release|Any CPU.Build.0 = Release|Any CPU
		{8F5DAA85-E2B2-0CE6-B18C-D39049E636F8}.Debug|Any CPU.ActiveCfg = Debug|Any CPU
		{8F5DAA85-E2B2-0CE6-B18C-D39049E636F8}.Debug|Any CPU.Build.0 = Debug|Any CPU
		{8F5DAA85-E2B2-0CE6-B18C-D39049E636F8}.Release|Any CPU.ActiveCfg = Release|Any CPU
		{8F5DAA85-E2B2-0CE6-B18C-D39049E636F8}.Release|Any CPU.Build.0 = Release|Any CPU
		{6BDD718D-DD40-BA42-A075-6F69D1193500}.Debug|Any CPU.ActiveCfg = Debug|Any CPU
		{6BDD718D-DD40-BA42-A075-6F69D1193500}.Debug|Any CPU.Build.0 = Debug|Any CPU
		{6BDD718D-DD40-BA42-A075-6F69D1193500}.Release|Any CPU.ActiveCfg = Release|Any CPU
		{6BDD718D-DD40-BA42-A075-6F69D1193500}.Release|Any CPU.Build.0 = Release|Any CPU
		{12AD69BA-56C8-F11C-F6E8-A9EA456C65CB}.Debug|Any CPU.ActiveCfg = Debug|Any CPU
		{12AD69BA-56C8-F11C-F6E8-A9EA456C65CB}.Debug|Any CPU.Build.0 = Debug|Any CPU
		{12AD69BA-56C8-F11C-F6E8-A9EA456C65CB}.Release|Any CPU.ActiveCfg = Release|Any CPU
		{12AD69BA-56C8-F11C-F6E8-A9EA456C65CB}.Release|Any CPU.Build.0 = Release|Any CPU
		{4B580568-3095-D510-222E-ABC84E47FECF}.Debug|Any CPU.ActiveCfg = Debug|Any CPU
		{4B580568-3095-D510-222E-ABC84E47FECF}.Debug|Any CPU.Build.0 = Debug|Any CPU
		{4B580568-3095-D510-222E-ABC84E47FECF}.Release|Any CPU.ActiveCfg = Release|Any CPU
		{4B580568-3095-D510-222E-ABC84E47FECF}.Release|Any CPU.Build.0 = Release|Any CPU
		{E31E8B08-1B47-5398-25D6-9A4E389F436C}.Debug|Any CPU.ActiveCfg = Debug|Any CPU
		{E31E8B08-1B47-5398-25D6-9A4E389F436C}.Debug|Any CPU.Build.0 = Debug|Any CPU
		{E31E8B08-1B47-5398-25D6-9A4E389F436C}.Release|Any CPU.ActiveCfg = Release|Any CPU
		{E31E8B08-1B47-5398-25D6-9A4E389F436C}.Release|Any CPU.Build.0 = Release|Any CPU
		{61336240-5694-E5EA-24D5-D5CFE8E578DA}.Debug|Any CPU.ActiveCfg = Debug|Any CPU
		{61336240-5694-E5EA-24D5-D5CFE8E578DA}.Debug|Any CPU.Build.0 = Debug|Any CPU
		{61336240-5694-E5EA-24D5-D5CFE8E578DA}.Release|Any CPU.ActiveCfg = Release|Any CPU
		{61336240-5694-E5EA-24D5-D5CFE8E578DA}.Release|Any CPU.Build.0 = Release|Any CPU
		{2C5FF1EF-2D95-28C9-FCA5-55AC08B06953}.Debug|Any CPU.ActiveCfg = Debug|Any CPU
		{2C5FF1EF-2D95-28C9-FCA5-55AC08B06953}.Debug|Any CPU.Build.0 = Debug|Any CPU
		{2C5FF1EF-2D95-28C9-FCA5-55AC08B06953}.Release|Any CPU.ActiveCfg = Release|Any CPU
		{2C5FF1EF-2D95-28C9-FCA5-55AC08B06953}.Release|Any CPU.Build.0 = Release|Any CPU
		{6E5CD8C6-B769-1F30-FBE2-47A887C52284}.Debug|Any CPU.ActiveCfg = Debug|Any CPU
		{6E5CD8C6-B769-1F30-FBE2-47A887C52284}.Debug|Any CPU.Build.0 = Debug|Any CPU
		{6E5CD8C6-B769-1F30-FBE2-47A887C52284}.Release|Any CPU.ActiveCfg = Release|Any CPU
		{6E5CD8C6-B769-1F30-FBE2-47A887C52284}.Release|Any CPU.Build.0 = Release|Any CPU
		{5F128EA1-5D59-8AB7-6CCC-7DBD0AB82819}.Debug|Any CPU.ActiveCfg = Debug|Any CPU
		{5F128EA1-5D59-8AB7-6CCC-7DBD0AB82819}.Debug|Any CPU.Build.0 = Debug|Any CPU
		{5F128EA1-5D59-8AB7-6CCC-7DBD0AB82819}.Release|Any CPU.ActiveCfg = Release|Any CPU
		{5F128EA1-5D59-8AB7-6CCC-7DBD0AB82819}.Release|Any CPU.Build.0 = Release|Any CPU
		{1AA54E0D-5587-FDFD-9415-0385289E0D87}.Debug|Any CPU.ActiveCfg = Debug|Any CPU
		{1AA54E0D-5587-FDFD-9415-0385289E0D87}.Debug|Any CPU.Build.0 = Debug|Any CPU
		{1AA54E0D-5587-FDFD-9415-0385289E0D87}.Release|Any CPU.ActiveCfg = Release|Any CPU
		{1AA54E0D-5587-FDFD-9415-0385289E0D87}.Release|Any CPU.Build.0 = Release|Any CPU
		{EC2EE2C1-FEBE-A96B-D1D4-A0ED36B8005F}.Debug|Any CPU.ActiveCfg = Debug|Any CPU
		{EC2EE2C1-FEBE-A96B-D1D4-A0ED36B8005F}.Debug|Any CPU.Build.0 = Debug|Any CPU
		{EC2EE2C1-FEBE-A96B-D1D4-A0ED36B8005F}.Release|Any CPU.ActiveCfg = Release|Any CPU
		{EC2EE2C1-FEBE-A96B-D1D4-A0ED36B8005F}.Release|Any CPU.Build.0 = Release|Any CPU
		{CBE5A3C1-50A8-4D68-2E5D-B9917C33A854}.Debug|Any CPU.ActiveCfg = Debug|Any CPU
		{CBE5A3C1-50A8-4D68-2E5D-B9917C33A854}.Debug|Any CPU.Build.0 = Debug|Any CPU
		{CBE5A3C1-50A8-4D68-2E5D-B9917C33A854}.Release|Any CPU.ActiveCfg = Release|Any CPU
		{CBE5A3C1-50A8-4D68-2E5D-B9917C33A854}.Release|Any CPU.Build.0 = Release|Any CPU
		{5446F23F-9FBF-8B7E-6595-149B6EAF1906}.Debug|Any CPU.ActiveCfg = Debug|Any CPU
		{5446F23F-9FBF-8B7E-6595-149B6EAF1906}.Debug|Any CPU.Build.0 = Debug|Any CPU
		{5446F23F-9FBF-8B7E-6595-149B6EAF1906}.Release|Any CPU.ActiveCfg = Release|Any CPU
		{5446F23F-9FBF-8B7E-6595-149B6EAF1906}.Release|Any CPU.Build.0 = Release|Any CPU
		{6915F668-5DC1-D1E0-9D97-33E1DAB0D59A}.Debug|Any CPU.ActiveCfg = Debug|Any CPU
		{6915F668-5DC1-D1E0-9D97-33E1DAB0D59A}.Debug|Any CPU.Build.0 = Debug|Any CPU
		{6915F668-5DC1-D1E0-9D97-33E1DAB0D59A}.Release|Any CPU.ActiveCfg = Release|Any CPU
		{6915F668-5DC1-D1E0-9D97-33E1DAB0D59A}.Release|Any CPU.Build.0 = Release|Any CPU
		{9276123D-9BFE-090D-8C12-5857ADB07FD5}.Debug|Any CPU.ActiveCfg = Debug|Any CPU
		{9276123D-9BFE-090D-8C12-5857ADB07FD5}.Debug|Any CPU.Build.0 = Debug|Any CPU
		{9276123D-9BFE-090D-8C12-5857ADB07FD5}.Release|Any CPU.ActiveCfg = Release|Any CPU
		{9276123D-9BFE-090D-8C12-5857ADB07FD5}.Release|Any CPU.Build.0 = Release|Any CPU
		{A0B72CDC-3CCA-8E16-A0DC-445C30E267E5}.Debug|Any CPU.ActiveCfg = Debug|Any CPU
		{A0B72CDC-3CCA-8E16-A0DC-445C30E267E5}.Debug|Any CPU.Build.0 = Debug|Any CPU
		{A0B72CDC-3CCA-8E16-A0DC-445C30E267E5}.Release|Any CPU.ActiveCfg = Release|Any CPU
		{A0B72CDC-3CCA-8E16-A0DC-445C30E267E5}.Release|Any CPU.Build.0 = Release|Any CPU
		{FF61C191-7F70-6808-88AA-1288671DFEBE}.Debug|Any CPU.ActiveCfg = Debug|Any CPU
		{FF61C191-7F70-6808-88AA-1288671DFEBE}.Debug|Any CPU.Build.0 = Debug|Any CPU
		{FF61C191-7F70-6808-88AA-1288671DFEBE}.Release|Any CPU.ActiveCfg = Release|Any CPU
		{FF61C191-7F70-6808-88AA-1288671DFEBE}.Release|Any CPU.Build.0 = Release|Any CPU
		{3B4A8004-B481-D07D-0684-B03BF087201E}.Debug|Any CPU.ActiveCfg = Debug|Any CPU
		{3B4A8004-B481-D07D-0684-B03BF087201E}.Debug|Any CPU.Build.0 = Debug|Any CPU
		{3B4A8004-B481-D07D-0684-B03BF087201E}.Release|Any CPU.ActiveCfg = Release|Any CPU
		{3B4A8004-B481-D07D-0684-B03BF087201E}.Release|Any CPU.Build.0 = Release|Any CPU
		{0022D196-F814-358B-1C1C-D5468EF885D8}.Debug|Any CPU.ActiveCfg = Debug|Any CPU
		{0022D196-F814-358B-1C1C-D5468EF885D8}.Debug|Any CPU.Build.0 = Debug|Any CPU
		{0022D196-F814-358B-1C1C-D5468EF885D8}.Release|Any CPU.ActiveCfg = Release|Any CPU
		{0022D196-F814-358B-1C1C-D5468EF885D8}.Release|Any CPU.Build.0 = Release|Any CPU
		{45E74912-FF55-E3A8-0F78-DA587D5DB6FE}.Debug|Any CPU.ActiveCfg = Debug|Any CPU
		{45E74912-FF55-E3A8-0F78-DA587D5DB6FE}.Debug|Any CPU.Build.0 = Debug|Any CPU
		{45E74912-FF55-E3A8-0F78-DA587D5DB6FE}.Release|Any CPU.ActiveCfg = Release|Any CPU
		{45E74912-FF55-E3A8-0F78-DA587D5DB6FE}.Release|Any CPU.Build.0 = Release|Any CPU
		{09822E8B-6A65-2278-E3AD-FDCE90FBFAEE}.Debug|Any CPU.ActiveCfg = Debug|Any CPU
		{09822E8B-6A65-2278-E3AD-FDCE90FBFAEE}.Debug|Any CPU.Build.0 = Debug|Any CPU
		{09822E8B-6A65-2278-E3AD-FDCE90FBFAEE}.Release|Any CPU.ActiveCfg = Release|Any CPU
		{09822E8B-6A65-2278-E3AD-FDCE90FBFAEE}.Release|Any CPU.Build.0 = Release|Any CPU
		{C6509113-D388-E937-E6BC-5681A758F5F5}.Debug|Any CPU.ActiveCfg = Debug|Any CPU
		{C6509113-D388-E937-E6BC-5681A758F5F5}.Debug|Any CPU.Build.0 = Debug|Any CPU
		{C6509113-D388-E937-E6BC-5681A758F5F5}.Release|Any CPU.ActiveCfg = Release|Any CPU
		{C6509113-D388-E937-E6BC-5681A758F5F5}.Release|Any CPU.Build.0 = Release|Any CPU
		{3D75AA12-DF78-5FC0-0C74-6B99EA668B15}.Debug|Any CPU.ActiveCfg = Debug|Any CPU
		{3D75AA12-DF78-5FC0-0C74-6B99EA668B15}.Debug|Any CPU.Build.0 = Debug|Any CPU
		{3D75AA12-DF78-5FC0-0C74-6B99EA668B15}.Release|Any CPU.ActiveCfg = Release|Any CPU
		{3D75AA12-DF78-5FC0-0C74-6B99EA668B15}.Release|Any CPU.Build.0 = Release|Any CPU
		{7C12B500-7323-508B-BCAB-4E7E754E323E}.Debug|Any CPU.ActiveCfg = Debug|Any CPU
		{7C12B500-7323-508B-BCAB-4E7E754E323E}.Debug|Any CPU.Build.0 = Debug|Any CPU
		{7C12B500-7323-508B-BCAB-4E7E754E323E}.Release|Any CPU.ActiveCfg = Release|Any CPU
		{7C12B500-7323-508B-BCAB-4E7E754E323E}.Release|Any CPU.Build.0 = Release|Any CPU
		{A6582597-214A-3B23-5085-5FF05F1A99CD}.Debug|Any CPU.ActiveCfg = Debug|Any CPU
		{A6582597-214A-3B23-5085-5FF05F1A99CD}.Debug|Any CPU.Build.0 = Debug|Any CPU
		{A6582597-214A-3B23-5085-5FF05F1A99CD}.Release|Any CPU.ActiveCfg = Release|Any CPU
		{A6582597-214A-3B23-5085-5FF05F1A99CD}.Release|Any CPU.Build.0 = Release|Any CPU
		{97F704D7-E563-B986-F364-EA975ED2546C}.Debug|Any CPU.ActiveCfg = Debug|Any CPU
		{97F704D7-E563-B986-F364-EA975ED2546C}.Debug|Any CPU.Build.0 = Debug|Any CPU
		{97F704D7-E563-B986-F364-EA975ED2546C}.Release|Any CPU.ActiveCfg = Release|Any CPU
		{97F704D7-E563-B986-F364-EA975ED2546C}.Release|Any CPU.Build.0 = Release|Any CPU
		{D174E4CA-DC9D-8735-E1F9-0B1C3EEAA67C}.Debug|Any CPU.ActiveCfg = Debug|Any CPU
		{D174E4CA-DC9D-8735-E1F9-0B1C3EEAA67C}.Debug|Any CPU.Build.0 = Debug|Any CPU
		{D174E4CA-DC9D-8735-E1F9-0B1C3EEAA67C}.Release|Any CPU.ActiveCfg = Release|Any CPU
		{D174E4CA-DC9D-8735-E1F9-0B1C3EEAA67C}.Release|Any CPU.Build.0 = Release|Any CPU
		{B50381D2-4EE6-F8C0-AB0D-6A0D154A5936}.Debug|Any CPU.ActiveCfg = Debug|Any CPU
		{B50381D2-4EE6-F8C0-AB0D-6A0D154A5936}.Debug|Any CPU.Build.0 = Debug|Any CPU
		{B50381D2-4EE6-F8C0-AB0D-6A0D154A5936}.Release|Any CPU.ActiveCfg = Release|Any CPU
		{B50381D2-4EE6-F8C0-AB0D-6A0D154A5936}.Release|Any CPU.Build.0 = Release|Any CPU
		{04695DE5-7440-3FD4-0B6A-93355FF5D5E4}.Debug|Any CPU.ActiveCfg = Debug|Any CPU
		{04695DE5-7440-3FD4-0B6A-93355FF5D5E4}.Debug|Any CPU.Build.0 = Debug|Any CPU
		{04695DE5-7440-3FD4-0B6A-93355FF5D5E4}.Release|Any CPU.ActiveCfg = Release|Any CPU
		{04695DE5-7440-3FD4-0B6A-93355FF5D5E4}.Release|Any CPU.Build.0 = Release|Any CPU
		{983E695B-A98D-CE9A-CD98-2CFCF416BFE6}.Debug|Any CPU.ActiveCfg = Debug|Any CPU
		{983E695B-A98D-CE9A-CD98-2CFCF416BFE6}.Debug|Any CPU.Build.0 = Debug|Any CPU
		{983E695B-A98D-CE9A-CD98-2CFCF416BFE6}.Release|Any CPU.ActiveCfg = Release|Any CPU
		{983E695B-A98D-CE9A-CD98-2CFCF416BFE6}.Release|Any CPU.Build.0 = Release|Any CPU
		{0F7FC999-748C-1D0C-355E-C9477D12FC2C}.Debug|Any CPU.ActiveCfg = Debug|Any CPU
		{0F7FC999-748C-1D0C-355E-C9477D12FC2C}.Debug|Any CPU.Build.0 = Debug|Any CPU
		{0F7FC999-748C-1D0C-355E-C9477D12FC2C}.Release|Any CPU.ActiveCfg = Release|Any CPU
		{0F7FC999-748C-1D0C-355E-C9477D12FC2C}.Release|Any CPU.Build.0 = Release|Any CPU
		{D7A358A5-059D-CFD8-8D20-D756C0AB04B8}.Debug|Any CPU.ActiveCfg = Debug|Any CPU
		{D7A358A5-059D-CFD8-8D20-D756C0AB04B8}.Debug|Any CPU.Build.0 = Debug|Any CPU
		{D7A358A5-059D-CFD8-8D20-D756C0AB04B8}.Release|Any CPU.ActiveCfg = Release|Any CPU
		{D7A358A5-059D-CFD8-8D20-D756C0AB04B8}.Release|Any CPU.Build.0 = Release|Any CPU
		{3482DCA3-E677-88E6-7D67-E6A1071A67D8}.Debug|Any CPU.ActiveCfg = Debug|Any CPU
		{3482DCA3-E677-88E6-7D67-E6A1071A67D8}.Debug|Any CPU.Build.0 = Debug|Any CPU
		{3482DCA3-E677-88E6-7D67-E6A1071A67D8}.Release|Any CPU.ActiveCfg = Release|Any CPU
		{3482DCA3-E677-88E6-7D67-E6A1071A67D8}.Release|Any CPU.Build.0 = Release|Any CPU
		{3BF70B2D-3FA0-75FD-E98E-76970241E6C0}.Debug|Any CPU.ActiveCfg = Debug|Any CPU
		{3BF70B2D-3FA0-75FD-E98E-76970241E6C0}.Debug|Any CPU.Build.0 = Debug|Any CPU
		{3BF70B2D-3FA0-75FD-E98E-76970241E6C0}.Release|Any CPU.ActiveCfg = Release|Any CPU
		{3BF70B2D-3FA0-75FD-E98E-76970241E6C0}.Release|Any CPU.Build.0 = Release|Any CPU
	EndGlobalSection
	GlobalSection(SolutionProperties) = preSolution
		HideSolutionNode = FALSE
	EndGlobalSection
EndGlobal
